
Microsoft Visual Studio Solution File, Format Version 12.00
# Visual Studio Version 16
VisualStudioVersion = 16.0.30309.148
MinimumVisualStudioVersion = 10.0.40219.1
Project("{FAE04EC0-301F-11D3-BF4B-00C04F79EFBC}") = "Dominio", "Dominio\Dominio.csproj", "{FBCB94AB-CB10-44B1-A0A4-8B12AD48BBF4}"
EndProject
Project("{FAE04EC0-301F-11D3-BF4B-00C04F79EFBC}") = "Persistencia", "Persistencia\Persistencia.csproj", "{668BCCA6-DE28-4DD0-BE79-AEFB9B37E170}"
EndProject
Project("{FAE04EC0-301F-11D3-BF4B-00C04F79EFBC}") = "Aplicacion", "Aplicacion\Aplicacion.csproj", "{310A85AC-B600-4508-A3C3-696C2CE614B8}"
EndProject
Project("{FAE04EC0-301F-11D3-BF4B-00C04F79EFBC}") = "WebAPI", "WebAPI\WebAPI.csproj", "{6AF9C50C-61AE-4370-96CE-56810AC6BEAF}"
EndProject
Global
	GlobalSection(SolutionConfigurationPlatforms) = preSolution
		Debug|Any CPU = Debug|Any CPU
		Release|Any CPU = Release|Any CPU
	EndGlobalSection
	GlobalSection(ProjectConfigurationPlatforms) = postSolution
		{FBCB94AB-CB10-44B1-A0A4-8B12AD48BBF4}.Debug|Any CPU.ActiveCfg = Debug|Any CPU
		{FBCB94AB-CB10-44B1-A0A4-8B12AD48BBF4}.Debug|Any CPU.Build.0 = Debug|Any CPU
		{FBCB94AB-CB10-44B1-A0A4-8B12AD48BBF4}.Release|Any CPU.ActiveCfg = Release|Any CPU
		{FBCB94AB-CB10-44B1-A0A4-8B12AD48BBF4}.Release|Any CPU.Build.0 = Release|Any CPU
		{668BCCA6-DE28-4DD0-BE79-AEFB9B37E170}.Debug|Any CPU.ActiveCfg = Debug|Any CPU
		{668BCCA6-DE28-4DD0-BE79-AEFB9B37E170}.Debug|Any CPU.Build.0 = Debug|Any CPU
		{668BCCA6-DE28-4DD0-BE79-AEFB9B37E170}.Release|Any CPU.ActiveCfg = Release|Any CPU
		{668BCCA6-DE28-4DD0-BE79-AEFB9B37E170}.Release|Any CPU.Build.0 = Release|Any CPU
		{310A85AC-B600-4508-A3C3-696C2CE614B8}.Debug|Any CPU.ActiveCfg = Debug|Any CPU
		{310A85AC-B600-4508-A3C3-696C2CE614B8}.Debug|Any CPU.Build.0 = Debug|Any CPU
		{310A85AC-B600-4508-A3C3-696C2CE614B8}.Release|Any CPU.ActiveCfg = Release|Any CPU
		{310A85AC-B600-4508-A3C3-696C2CE614B8}.Release|Any CPU.Build.0 = Release|Any CPU
		{6AF9C50C-61AE-4370-96CE-56810AC6BEAF}.Debug|Any CPU.ActiveCfg = Debug|Any CPU
		{6AF9C50C-61AE-4370-96CE-56810AC6BEAF}.Debug|Any CPU.Build.0 = Debug|Any CPU
		{6AF9C50C-61AE-4370-96CE-56810AC6BEAF}.Release|Any CPU.ActiveCfg = Release|Any CPU
		{6AF9C50C-61AE-4370-96CE-56810AC6BEAF}.Release|Any CPU.Build.0 = Release|Any CPU
	EndGlobalSection
	GlobalSection(SolutionProperties) = preSolution
		HideSolutionNode = FALSE
	EndGlobalSection
	GlobalSection(ExtensibilityGlobals) = postSolution
		SolutionGuid = {6C1EA463-1A95-4251-AF44-CF0C3998FBE7}
	EndGlobalSection
EndGlobal
